
Microsoft Visual Studio Solution File, Format Version 12.00
# Visual Studio 15
VisualStudioVersion = 15.0.26020.0
MinimumVisualStudioVersion = 10.0.40219.1
Project("{2150E333-8FDC-42A3-9474-1A3956D46DE8}") = "src", "src", "{0B0A36D5-DE4B-4B25-A9B1-96876129F8C4}"
EndProject
Project("{9A19103F-16F7-4668-BE54-9A1E7A4F7556}") = "Protoactor.Persistence.Postgresql", "src\Protoactor.Persistence.Postgresql\Protoactor.Persistence.Postgresql.csproj", "{AE92FDD1-6024-428C-A6D7-A7421B27CF18}"
EndProject
Global
	GlobalSection(SolutionConfigurationPlatforms) = preSolution
		Debug|Any CPU = Debug|Any CPU
		Debug|x64 = Debug|x64
		Debug|x86 = Debug|x86
		Release|Any CPU = Release|Any CPU
		Release|x64 = Release|x64
		Release|x86 = Release|x86
	EndGlobalSection
	GlobalSection(ProjectConfigurationPlatforms) = postSolution
		{AE92FDD1-6024-428C-A6D7-A7421B27CF18}.Debug|Any CPU.ActiveCfg = Debug|Any CPU
		{AE92FDD1-6024-428C-A6D7-A7421B27CF18}.Debug|Any CPU.Build.0 = Debug|Any CPU
		{AE92FDD1-6024-428C-A6D7-A7421B27CF18}.Debug|x64.ActiveCfg = Debug|x64
		{AE92FDD1-6024-428C-A6D7-A7421B27CF18}.Debug|x64.Build.0 = Debug|x64
		{AE92FDD1-6024-428C-A6D7-A7421B27CF18}.Debug|x86.ActiveCfg = Debug|x86
		{AE92FDD1-6024-428C-A6D7-A7421B27CF18}.Debug|x86.Build.0 = Debug|x86
		{AE92FDD1-6024-428C-A6D7-A7421B27CF18}.Release|Any CPU.ActiveCfg = Release|Any CPU
		{AE92FDD1-6024-428C-A6D7-A7421B27CF18}.Release|Any CPU.Build.0 = Release|Any CPU
		{AE92FDD1-6024-428C-A6D7-A7421B27CF18}.Release|x64.ActiveCfg = Release|x64
		{AE92FDD1-6024-428C-A6D7-A7421B27CF18}.Release|x64.Build.0 = Release|x64
		{AE92FDD1-6024-428C-A6D7-A7421B27CF18}.Release|x86.ActiveCfg = Release|x86
		{AE92FDD1-6024-428C-A6D7-A7421B27CF18}.Release|x86.Build.0 = Release|x86
	EndGlobalSection
	GlobalSection(SolutionProperties) = preSolution
		HideSolutionNode = FALSE
	EndGlobalSection
	GlobalSection(NestedProjects) = preSolution
		{AE92FDD1-6024-428C-A6D7-A7421B27CF18} = {0B0A36D5-DE4B-4B25-A9B1-96876129F8C4}
	EndGlobalSection
EndGlobal
